// !$*UTF8*$!
{
	archiveVersion = 1;
	classes = {
	};
	objectVersion = 51;
	objects = {

/* Begin PBXBuildFile section */
		00928287C90512AD89232ED3 /* Pods_HeadlinesTests.framework in Frameworks */ = {isa = PBXBuildFile; fileRef = 2FA3B3F03B4FBEBFA79F619A /* Pods_HeadlinesTests.framework */; };
		05EED93B24CC0EDA0070FB7C /* AppDelegate.swift in Sources */ = {isa = PBXBuildFile; fileRef = 05EED93A24CC0EDA0070FB7C /* AppDelegate.swift */; };
		05EED93D24CC0EDA0070FB7C /* SceneDelegate.swift in Sources */ = {isa = PBXBuildFile; fileRef = 05EED93C24CC0EDA0070FB7C /* SceneDelegate.swift */; };
		05EED93F24CC0EDA0070FB7C /* SavedViewController.swift in Sources */ = {isa = PBXBuildFile; fileRef = 05EED93E24CC0EDA0070FB7C /* SavedViewController.swift */; };
		05EED94224CC0EDA0070FB7C /* Main.storyboard in Resources */ = {isa = PBXBuildFile; fileRef = 05EED94024CC0EDA0070FB7C /* Main.storyboard */; };
		05EED94424CC0EDE0070FB7C /* Assets.xcassets in Resources */ = {isa = PBXBuildFile; fileRef = 05EED94324CC0EDE0070FB7C /* Assets.xcassets */; };
		05EED94724CC0EDE0070FB7C /* LaunchScreen.storyboard in Resources */ = {isa = PBXBuildFile; fileRef = 05EED94524CC0EDE0070FB7C /* LaunchScreen.storyboard */; };
		05EED96624CC10D60070FB7C /* HeadlinesViewController.swift in Sources */ = {isa = PBXBuildFile; fileRef = 05EED96524CC10D60070FB7C /* HeadlinesViewController.swift */; };
		05EED96824CC10FD0070FB7C /* SourcesViewController.swift in Sources */ = {isa = PBXBuildFile; fileRef = 05EED96724CC10FC0070FB7C /* SourcesViewController.swift */; };
		05EED96A24CC12BD0070FB7C /* DynamicValue.swift in Sources */ = {isa = PBXBuildFile; fileRef = 05EED96924CC12BD0070FB7C /* DynamicValue.swift */; };
		05EED96C24CC12DD0070FB7C /* Cachable.swift in Sources */ = {isa = PBXBuildFile; fileRef = 05EED96B24CC12DD0070FB7C /* Cachable.swift */; };
		05EED97124CC13400070FB7C /* EndPoint.swift in Sources */ = {isa = PBXBuildFile; fileRef = 05EED97024CC13400070FB7C /* EndPoint.swift */; };
		05EED97424CC13690070FB7C /* EndPointType.swift in Sources */ = {isa = PBXBuildFile; fileRef = 05EED97324CC13690070FB7C /* EndPointType.swift */; };
		05EED97624CC13A50070FB7C /* NetworkManager.swift in Sources */ = {isa = PBXBuildFile; fileRef = 05EED97524CC13A50070FB7C /* NetworkManager.swift */; };
		05EED97824CC13B70070FB7C /* ResponseData.swift in Sources */ = {isa = PBXBuildFile; fileRef = 05EED97724CC13B70070FB7C /* ResponseData.swift */; };
		05EED97A24CC14710070FB7C /* Headlines.swift in Sources */ = {isa = PBXBuildFile; fileRef = 05EED97924CC14710070FB7C /* Headlines.swift */; };
		05EED97C24CC14990070FB7C /* NewsSource.swift in Sources */ = {isa = PBXBuildFile; fileRef = 05EED97B24CC14990070FB7C /* NewsSource.swift */; };
		05EED97E24CC14C20070FB7C /* HeadlinesDataSource.swift in Sources */ = {isa = PBXBuildFile; fileRef = 05EED97D24CC14C20070FB7C /* HeadlinesDataSource.swift */; };
		05EED98024CC15D80070FB7C /* SourcesDataSource.swift in Sources */ = {isa = PBXBuildFile; fileRef = 05EED97F24CC15D80070FB7C /* SourcesDataSource.swift */; };
		05EED98224CC16000070FB7C /* HeadlineViewModel.swift in Sources */ = {isa = PBXBuildFile; fileRef = 05EED98124CC16000070FB7C /* HeadlineViewModel.swift */; };
		05EED98424CC16120070FB7C /* SourceViewModel.swift in Sources */ = {isa = PBXBuildFile; fileRef = 05EED98324CC16120070FB7C /* SourceViewModel.swift */; };
		05EED98624CC16360070FB7C /* SavedViewModel.swift in Sources */ = {isa = PBXBuildFile; fileRef = 05EED98524CC16360070FB7C /* SavedViewModel.swift */; };
		05EED98824CC165D0070FB7C /* RealmViewModel.swift in Sources */ = {isa = PBXBuildFile; fileRef = 05EED98724CC165D0070FB7C /* RealmViewModel.swift */; };
		05EED98A24CC17850070FB7C /* HeadlineDetailViewController.swift in Sources */ = {isa = PBXBuildFile; fileRef = 05EED98924CC17850070FB7C /* HeadlineDetailViewController.swift */; };
		05EED98F24CC18520070FB7C /* NewsHeadlineCell.swift in Sources */ = {isa = PBXBuildFile; fileRef = 05EED98D24CC18520070FB7C /* NewsHeadlineCell.swift */; };
		05EED99024CC18520070FB7C /* NewsHeadlineCell.xib in Resources */ = {isa = PBXBuildFile; fileRef = 05EED98E24CC18520070FB7C /* NewsHeadlineCell.xib */; };
		05EED99324CC18C90070FB7C /* SourcesTableViewCell.swift in Sources */ = {isa = PBXBuildFile; fileRef = 05EED99124CC18C90070FB7C /* SourcesTableViewCell.swift */; };
		05EED99424CC18C90070FB7C /* SourcesTableViewCell.xib in Resources */ = {isa = PBXBuildFile; fileRef = 05EED99224CC18C90070FB7C /* SourcesTableViewCell.xib */; };
		05F1657524CC255B0046DC1E /* SavedDataSource.swift in Sources */ = {isa = PBXBuildFile; fileRef = 05F1657424CC255B0046DC1E /* SavedDataSource.swift */; };
		05F1657724CC37100046DC1E /* Saved.swift in Sources */ = {isa = PBXBuildFile; fileRef = 05F1657624CC37100046DC1E /* Saved.swift */; };
		05F1657924CC70EF0046DC1E /* SelectedSource.swift in Sources */ = {isa = PBXBuildFile; fileRef = 05F1657824CC70EF0046DC1E /* SelectedSource.swift */; };
		05F1657B24CC76460046DC1E /* HeadlinesDataSourceTests.swift in Sources */ = {isa = PBXBuildFile; fileRef = 05F1657A24CC76460046DC1E /* HeadlinesDataSourceTests.swift */; };
		05F1657D24CC765F0046DC1E /* SourcesDataSourceTests.swift in Sources */ = {isa = PBXBuildFile; fileRef = 05F1657C24CC765F0046DC1E /* SourcesDataSourceTests.swift */; };
		05F1657F24CC766C0046DC1E /* SavedDataSourceTests.swift in Sources */ = {isa = PBXBuildFile; fileRef = 05F1657E24CC766C0046DC1E /* SavedDataSourceTests.swift */; };
		05F1658124CD402D0046DC1E /* UIViewController+Indicator.swift in Sources */ = {isa = PBXBuildFile; fileRef = 05F1658024CD402D0046DC1E /* UIViewController+Indicator.swift */; };
		3C596C0A47E3C163BB014511 /* Pods_Headlines.framework in Frameworks */ = {isa = PBXBuildFile; fileRef = 3FF9F151EF3579C6860C1267 /* Pods_Headlines.framework */; };
/* End PBXBuildFile section */

/* Begin PBXContainerItemProxy section */
		05EED94E24CC0EDE0070FB7C /* PBXContainerItemProxy */ = {
			isa = PBXContainerItemProxy;
			containerPortal = 05EED92F24CC0EDA0070FB7C /* Project object */;
			proxyType = 1;
			remoteGlobalIDString = 05EED93624CC0EDA0070FB7C;
			remoteInfo = Headlines;
		};
/* End PBXContainerItemProxy section */

/* Begin PBXFileReference section */
		05EED93724CC0EDA0070FB7C /* Headlines.app */ = {isa = PBXFileReference; explicitFileType = wrapper.application; includeInIndex = 0; path = Headlines.app; sourceTree = BUILT_PRODUCTS_DIR; };
		05EED93A24CC0EDA0070FB7C /* AppDelegate.swift */ = {isa = PBXFileReference; lastKnownFileType = sourcecode.swift; path = AppDelegate.swift; sourceTree = "<group>"; };
		05EED93C24CC0EDA0070FB7C /* SceneDelegate.swift */ = {isa = PBXFileReference; lastKnownFileType = sourcecode.swift; path = SceneDelegate.swift; sourceTree = "<group>"; };
		05EED93E24CC0EDA0070FB7C /* SavedViewController.swift */ = {isa = PBXFileReference; lastKnownFileType = sourcecode.swift; path = SavedViewController.swift; sourceTree = "<group>"; };
		05EED94124CC0EDA0070FB7C /* Base */ = {isa = PBXFileReference; lastKnownFileType = file.storyboard; name = Base; path = Base.lproj/Main.storyboard; sourceTree = "<group>"; };
		05EED94324CC0EDE0070FB7C /* Assets.xcassets */ = {isa = PBXFileReference; lastKnownFileType = folder.assetcatalog; path = Assets.xcassets; sourceTree = "<group>"; };
		05EED94624CC0EDE0070FB7C /* Base */ = {isa = PBXFileReference; lastKnownFileType = file.storyboard; name = Base; path = Base.lproj/LaunchScreen.storyboard; sourceTree = "<group>"; };
		05EED94824CC0EDE0070FB7C /* Info.plist */ = {isa = PBXFileReference; lastKnownFileType = text.plist.xml; path = Info.plist; sourceTree = "<group>"; };
		05EED94D24CC0EDE0070FB7C /* HeadlinesTests.xctest */ = {isa = PBXFileReference; explicitFileType = wrapper.cfbundle; includeInIndex = 0; path = HeadlinesTests.xctest; sourceTree = BUILT_PRODUCTS_DIR; };
		05EED95324CC0EDE0070FB7C /* Info.plist */ = {isa = PBXFileReference; lastKnownFileType = text.plist.xml; path = Info.plist; sourceTree = "<group>"; };
		05EED96524CC10D60070FB7C /* HeadlinesViewController.swift */ = {isa = PBXFileReference; lastKnownFileType = sourcecode.swift; path = HeadlinesViewController.swift; sourceTree = "<group>"; };
		05EED96724CC10FC0070FB7C /* SourcesViewController.swift */ = {isa = PBXFileReference; lastKnownFileType = sourcecode.swift; path = SourcesViewController.swift; sourceTree = "<group>"; };
		05EED96924CC12BD0070FB7C /* DynamicValue.swift */ = {isa = PBXFileReference; lastKnownFileType = sourcecode.swift; path = DynamicValue.swift; sourceTree = "<group>"; };
		05EED96B24CC12DD0070FB7C /* Cachable.swift */ = {isa = PBXFileReference; lastKnownFileType = sourcecode.swift; path = Cachable.swift; sourceTree = "<group>"; };
		05EED97024CC13400070FB7C /* EndPoint.swift */ = {isa = PBXFileReference; lastKnownFileType = sourcecode.swift; path = EndPoint.swift; sourceTree = "<group>"; };
		05EED97324CC13690070FB7C /* EndPointType.swift */ = {isa = PBXFileReference; lastKnownFileType = sourcecode.swift; path = EndPointType.swift; sourceTree = "<group>"; };
		05EED97524CC13A50070FB7C /* NetworkManager.swift */ = {isa = PBXFileReference; lastKnownFileType = sourcecode.swift; path = NetworkManager.swift; sourceTree = "<group>"; };
		05EED97724CC13B70070FB7C /* ResponseData.swift */ = {isa = PBXFileReference; lastKnownFileType = sourcecode.swift; path = ResponseData.swift; sourceTree = "<group>"; };
		05EED97924CC14710070FB7C /* Headlines.swift */ = {isa = PBXFileReference; lastKnownFileType = sourcecode.swift; path = Headlines.swift; sourceTree = "<group>"; };
		05EED97B24CC14990070FB7C /* NewsSource.swift */ = {isa = PBXFileReference; lastKnownFileType = sourcecode.swift; path = NewsSource.swift; sourceTree = "<group>"; };
		05EED97D24CC14C20070FB7C /* HeadlinesDataSource.swift */ = {isa = PBXFileReference; lastKnownFileType = sourcecode.swift; path = HeadlinesDataSource.swift; sourceTree = "<group>"; };
		05EED97F24CC15D80070FB7C /* SourcesDataSource.swift */ = {isa = PBXFileReference; lastKnownFileType = sourcecode.swift; path = SourcesDataSource.swift; sourceTree = "<group>"; };
		05EED98124CC16000070FB7C /* HeadlineViewModel.swift */ = {isa = PBXFileReference; lastKnownFileType = sourcecode.swift; path = HeadlineViewModel.swift; sourceTree = "<group>"; };
		05EED98324CC16120070FB7C /* SourceViewModel.swift */ = {isa = PBXFileReference; lastKnownFileType = sourcecode.swift; path = SourceViewModel.swift; sourceTree = "<group>"; };
		05EED98524CC16360070FB7C /* SavedViewModel.swift */ = {isa = PBXFileReference; lastKnownFileType = sourcecode.swift; path = SavedViewModel.swift; sourceTree = "<group>"; };
		05EED98724CC165D0070FB7C /* RealmViewModel.swift */ = {isa = PBXFileReference; lastKnownFileType = sourcecode.swift; path = RealmViewModel.swift; sourceTree = "<group>"; };
		05EED98924CC17850070FB7C /* HeadlineDetailViewController.swift */ = {isa = PBXFileReference; lastKnownFileType = sourcecode.swift; path = HeadlineDetailViewController.swift; sourceTree = "<group>"; };
		05EED98D24CC18520070FB7C /* NewsHeadlineCell.swift */ = {isa = PBXFileReference; lastKnownFileType = sourcecode.swift; path = NewsHeadlineCell.swift; sourceTree = "<group>"; };
		05EED98E24CC18520070FB7C /* NewsHeadlineCell.xib */ = {isa = PBXFileReference; lastKnownFileType = file.xib; path = NewsHeadlineCell.xib; sourceTree = "<group>"; };
		05EED99124CC18C90070FB7C /* SourcesTableViewCell.swift */ = {isa = PBXFileReference; lastKnownFileType = sourcecode.swift; path = SourcesTableViewCell.swift; sourceTree = "<group>"; };
		05EED99224CC18C90070FB7C /* SourcesTableViewCell.xib */ = {isa = PBXFileReference; lastKnownFileType = file.xib; path = SourcesTableViewCell.xib; sourceTree = "<group>"; };
		05F1657424CC255B0046DC1E /* SavedDataSource.swift */ = {isa = PBXFileReference; lastKnownFileType = sourcecode.swift; path = SavedDataSource.swift; sourceTree = "<group>"; };
		05F1657624CC37100046DC1E /* Saved.swift */ = {isa = PBXFileReference; lastKnownFileType = sourcecode.swift; path = Saved.swift; sourceTree = "<group>"; };
		05F1657824CC70EF0046DC1E /* SelectedSource.swift */ = {isa = PBXFileReference; lastKnownFileType = sourcecode.swift; path = SelectedSource.swift; sourceTree = "<group>"; };
		05F1657A24CC76460046DC1E /* HeadlinesDataSourceTests.swift */ = {isa = PBXFileReference; lastKnownFileType = sourcecode.swift; path = HeadlinesDataSourceTests.swift; sourceTree = "<group>"; };
		05F1657C24CC765F0046DC1E /* SourcesDataSourceTests.swift */ = {isa = PBXFileReference; lastKnownFileType = sourcecode.swift; path = SourcesDataSourceTests.swift; sourceTree = "<group>"; };
		05F1657E24CC766C0046DC1E /* SavedDataSourceTests.swift */ = {isa = PBXFileReference; lastKnownFileType = sourcecode.swift; path = SavedDataSourceTests.swift; sourceTree = "<group>"; };
		05F1658024CD402D0046DC1E /* UIViewController+Indicator.swift */ = {isa = PBXFileReference; lastKnownFileType = sourcecode.swift; path = "UIViewController+Indicator.swift"; sourceTree = "<group>"; };
		28B0E38FFEC47B8B0C875174 /* Pods-Headlines.debug.xcconfig */ = {isa = PBXFileReference; includeInIndex = 1; lastKnownFileType = text.xcconfig; name = "Pods-Headlines.debug.xcconfig"; path = "Target Support Files/Pods-Headlines/Pods-Headlines.debug.xcconfig"; sourceTree = "<group>"; };
		2FA3B3F03B4FBEBFA79F619A /* Pods_HeadlinesTests.framework */ = {isa = PBXFileReference; explicitFileType = wrapper.framework; includeInIndex = 0; path = Pods_HeadlinesTests.framework; sourceTree = BUILT_PRODUCTS_DIR; };
		3FF9F151EF3579C6860C1267 /* Pods_Headlines.framework */ = {isa = PBXFileReference; explicitFileType = wrapper.framework; includeInIndex = 0; path = Pods_Headlines.framework; sourceTree = BUILT_PRODUCTS_DIR; };
		807A73AEA54E5417F6DA9485 /* Pods-Headlines.release.xcconfig */ = {isa = PBXFileReference; includeInIndex = 1; lastKnownFileType = text.xcconfig; name = "Pods-Headlines.release.xcconfig"; path = "Target Support Files/Pods-Headlines/Pods-Headlines.release.xcconfig"; sourceTree = "<group>"; };
		887269061C0F6117C62387C4 /* Pods-HeadlinesTests.release.xcconfig */ = {isa = PBXFileReference; includeInIndex = 1; lastKnownFileType = text.xcconfig; name = "Pods-HeadlinesTests.release.xcconfig"; path = "Target Support Files/Pods-HeadlinesTests/Pods-HeadlinesTests.release.xcconfig"; sourceTree = "<group>"; };
		E0A1E649C4AA688C7C357883 /* Pods-HeadlinesTests.debug.xcconfig */ = {isa = PBXFileReference; includeInIndex = 1; lastKnownFileType = text.xcconfig; name = "Pods-HeadlinesTests.debug.xcconfig"; path = "Target Support Files/Pods-HeadlinesTests/Pods-HeadlinesTests.debug.xcconfig"; sourceTree = "<group>"; };
/* End PBXFileReference section */

/* Begin PBXFrameworksBuildPhase section */
		05EED93424CC0EDA0070FB7C /* Frameworks */ = {
			isa = PBXFrameworksBuildPhase;
			buildActionMask = 2147483647;
			files = (
				3C596C0A47E3C163BB014511 /* Pods_Headlines.framework in Frameworks */,
			);
			runOnlyForDeploymentPostprocessing = 0;
		};
		05EED94A24CC0EDE0070FB7C /* Frameworks */ = {
			isa = PBXFrameworksBuildPhase;
			buildActionMask = 2147483647;
			files = (
				00928287C90512AD89232ED3 /* Pods_HeadlinesTests.framework in Frameworks */,
			);
			runOnlyForDeploymentPostprocessing = 0;
		};
/* End PBXFrameworksBuildPhase section */

/* Begin PBXGroup section */
		05EED92E24CC0EDA0070FB7C = {
			isa = PBXGroup;
			children = (
				05EED93924CC0EDA0070FB7C /* Headlines */,
				05EED95024CC0EDE0070FB7C /* HeadlinesTests */,
				05EED93824CC0EDA0070FB7C /* Products */,
				0831698C40E94E4B04179A37 /* Pods */,
				8868CF027716BD3841E508A5 /* Frameworks */,
			);
			sourceTree = "<group>";
		};
		05EED93824CC0EDA0070FB7C /* Products */ = {
			isa = PBXGroup;
			children = (
				05EED93724CC0EDA0070FB7C /* Headlines.app */,
				05EED94D24CC0EDE0070FB7C /* HeadlinesTests.xctest */,
			);
			name = Products;
			sourceTree = "<group>";
		};
		05EED93924CC0EDA0070FB7C /* Headlines */ = {
			isa = PBXGroup;
			children = (
				05EED95C24CC0EF80070FB7C /* AppDelegate */,
				05EED95F24CC0F160070FB7C /* Networking */,
				05EED96124CC0F400070FB7C /* Model */,
				05EED96424CC0F6D0070FB7C /* DataSource */,
				05EED96224CC0F450070FB7C /* ViewModel */,
				05EED95D24CC0F000070FB7C /* Controllers */,
				05EED95E24CC0F080070FB7C /* Storyboard */,
				05EED96324CC0F4F0070FB7C /* CustomCell */,
				05EED96024CC0F390070FB7C /* Helpers */,
				05EED94324CC0EDE0070FB7C /* Assets.xcassets */,
				05EED94524CC0EDE0070FB7C /* LaunchScreen.storyboard */,
				05EED94824CC0EDE0070FB7C /* Info.plist */,
			);
			path = Headlines;
			sourceTree = "<group>";
		};
		05EED95024CC0EDE0070FB7C /* HeadlinesTests */ = {
			isa = PBXGroup;
			children = (
				05F1657A24CC76460046DC1E /* HeadlinesDataSourceTests.swift */,
				05F1657C24CC765F0046DC1E /* SourcesDataSourceTests.swift */,
				05F1657E24CC766C0046DC1E /* SavedDataSourceTests.swift */,
				05EED95324CC0EDE0070FB7C /* Info.plist */,
			);
			path = HeadlinesTests;
			sourceTree = "<group>";
		};
		05EED95C24CC0EF80070FB7C /* AppDelegate */ = {
			isa = PBXGroup;
			children = (
				05EED93A24CC0EDA0070FB7C /* AppDelegate.swift */,
				05EED93C24CC0EDA0070FB7C /* SceneDelegate.swift */,
			);
			path = AppDelegate;
			sourceTree = "<group>";
		};
		05EED95D24CC0F000070FB7C /* Controllers */ = {
			isa = PBXGroup;
			children = (
				05EED96524CC10D60070FB7C /* HeadlinesViewController.swift */,
				05EED96724CC10FC0070FB7C /* SourcesViewController.swift */,
				05EED93E24CC0EDA0070FB7C /* SavedViewController.swift */,
				05EED98924CC17850070FB7C /* HeadlineDetailViewController.swift */,
			);
			path = Controllers;
			sourceTree = "<group>";
		};
		05EED95E24CC0F080070FB7C /* Storyboard */ = {
			isa = PBXGroup;
			children = (
				05EED94024CC0EDA0070FB7C /* Main.storyboard */,
			);
			path = Storyboard;
			sourceTree = "<group>";
		};
		05EED95F24CC0F160070FB7C /* Networking */ = {
			isa = PBXGroup;
			children = (
				05EED97224CC134C0070FB7C /* EndPointType */,
				05EED96F24CC132F0070FB7C /* EndPoint */,
				05EED97524CC13A50070FB7C /* NetworkManager.swift */,
				05EED97724CC13B70070FB7C /* ResponseData.swift */,
			);
			path = Networking;
			sourceTree = "<group>";
		};
		05EED96024CC0F390070FB7C /* Helpers */ = {
			isa = PBXGroup;
			children = (
				05EED96924CC12BD0070FB7C /* DynamicValue.swift */,
				05EED96B24CC12DD0070FB7C /* Cachable.swift */,
				05F1657824CC70EF0046DC1E /* SelectedSource.swift */,
				05F1658024CD402D0046DC1E /* UIViewController+Indicator.swift */,
			);
			path = Helpers;
			sourceTree = "<group>";
		};
		05EED96124CC0F400070FB7C /* Model */ = {
			isa = PBXGroup;
			children = (
				05EED97924CC14710070FB7C /* Headlines.swift */,
				05EED97B24CC14990070FB7C /* NewsSource.swift */,
				05F1657624CC37100046DC1E /* Saved.swift */,
			);
			path = Model;
			sourceTree = "<group>";
		};
		05EED96224CC0F450070FB7C /* ViewModel */ = {
			isa = PBXGroup;
			children = (
				05EED98124CC16000070FB7C /* HeadlineViewModel.swift */,
				05EED98324CC16120070FB7C /* SourceViewModel.swift */,
				05EED98524CC16360070FB7C /* SavedViewModel.swift */,
				05EED98724CC165D0070FB7C /* RealmViewModel.swift */,
			);
			path = ViewModel;
			sourceTree = "<group>";
		};
		05EED96324CC0F4F0070FB7C /* CustomCell */ = {
			isa = PBXGroup;
			children = (
				05EED98B24CC17F70070FB7C /* HeadlineCell */,
				05EED98C24CC17FE0070FB7C /* SourceCell */,
			);
			path = CustomCell;
			sourceTree = "<group>";
		};
		05EED96424CC0F6D0070FB7C /* DataSource */ = {
			isa = PBXGroup;
			children = (
				05EED97D24CC14C20070FB7C /* HeadlinesDataSource.swift */,
				05EED97F24CC15D80070FB7C /* SourcesDataSource.swift */,
				05F1657424CC255B0046DC1E /* SavedDataSource.swift */,
			);
			path = DataSource;
			sourceTree = "<group>";
		};
		05EED96F24CC132F0070FB7C /* EndPoint */ = {
			isa = PBXGroup;
			children = (
				05EED97024CC13400070FB7C /* EndPoint.swift */,
			);
			path = EndPoint;
			sourceTree = "<group>";
		};
		05EED97224CC134C0070FB7C /* EndPointType */ = {
			isa = PBXGroup;
			children = (
				05EED97324CC13690070FB7C /* EndPointType.swift */,
			);
			path = EndPointType;
			sourceTree = "<group>";
		};
		05EED98B24CC17F70070FB7C /* HeadlineCell */ = {
			isa = PBXGroup;
			children = (
				05EED98D24CC18520070FB7C /* NewsHeadlineCell.swift */,
				05EED98E24CC18520070FB7C /* NewsHeadlineCell.xib */,
			);
			path = HeadlineCell;
			sourceTree = "<group>";
		};
		05EED98C24CC17FE0070FB7C /* SourceCell */ = {
			isa = PBXGroup;
			children = (
				05EED99124CC18C90070FB7C /* SourcesTableViewCell.swift */,
				05EED99224CC18C90070FB7C /* SourcesTableViewCell.xib */,
			);
			path = SourceCell;
			sourceTree = "<group>";
		};
		0831698C40E94E4B04179A37 /* Pods */ = {
			isa = PBXGroup;
			children = (
				28B0E38FFEC47B8B0C875174 /* Pods-Headlines.debug.xcconfig */,
				807A73AEA54E5417F6DA9485 /* Pods-Headlines.release.xcconfig */,
				E0A1E649C4AA688C7C357883 /* Pods-HeadlinesTests.debug.xcconfig */,
				887269061C0F6117C62387C4 /* Pods-HeadlinesTests.release.xcconfig */,
			);
			path = Pods;
			sourceTree = "<group>";
		};
		8868CF027716BD3841E508A5 /* Frameworks */ = {
			isa = PBXGroup;
			children = (
				3FF9F151EF3579C6860C1267 /* Pods_Headlines.framework */,
				2FA3B3F03B4FBEBFA79F619A /* Pods_HeadlinesTests.framework */,
			);
			name = Frameworks;
			sourceTree = "<group>";
		};
/* End PBXGroup section */

/* Begin PBXNativeTarget section */
		05EED93624CC0EDA0070FB7C /* Headlines */ = {
			isa = PBXNativeTarget;
			buildConfigurationList = 05EED95624CC0EDE0070FB7C /* Build configuration list for PBXNativeTarget "Headlines" */;
			buildPhases = (
				8A8A91447CD550C9166575EF /* [CP] Check Pods Manifest.lock */,
				05EED93324CC0EDA0070FB7C /* Sources */,
				05EED93424CC0EDA0070FB7C /* Frameworks */,
				05EED93524CC0EDA0070FB7C /* Resources */,
				6DA06473D9DC81F60001BC10 /* [CP] Embed Pods Frameworks */,
			);
			buildRules = (
			);
			dependencies = (
			);
			name = Headlines;
			productName = Headlines;
			productReference = 05EED93724CC0EDA0070FB7C /* Headlines.app */;
			productType = "com.apple.product-type.application";
		};
		05EED94C24CC0EDE0070FB7C /* HeadlinesTests */ = {
			isa = PBXNativeTarget;
			buildConfigurationList = 05EED95924CC0EDE0070FB7C /* Build configuration list for PBXNativeTarget "HeadlinesTests" */;
			buildPhases = (
				9C215352179E96B1A3EA0C62 /* [CP] Check Pods Manifest.lock */,
				05EED94924CC0EDE0070FB7C /* Sources */,
				05EED94A24CC0EDE0070FB7C /* Frameworks */,
				05EED94B24CC0EDE0070FB7C /* Resources */,
			);
			buildRules = (
			);
			dependencies = (
				05EED94F24CC0EDE0070FB7C /* PBXTargetDependency */,
			);
			name = HeadlinesTests;
			productName = HeadlinesTests;
			productReference = 05EED94D24CC0EDE0070FB7C /* HeadlinesTests.xctest */;
			productType = "com.apple.product-type.bundle.unit-test";
		};
/* End PBXNativeTarget section */

/* Begin PBXProject section */
		05EED92F24CC0EDA0070FB7C /* Project object */ = {
			isa = PBXProject;
			attributes = {
				LastSwiftUpdateCheck = 1160;
				LastUpgradeCheck = 1160;
				ORGANIZATIONNAME = "Pratik Bhaliya";
				TargetAttributes = {
					05EED93624CC0EDA0070FB7C = {
						CreatedOnToolsVersion = 11.6;
					};
					05EED94C24CC0EDE0070FB7C = {
						CreatedOnToolsVersion = 11.6;
						TestTargetID = 05EED93624CC0EDA0070FB7C;
					};
				};
			};
			buildConfigurationList = 05EED93224CC0EDA0070FB7C /* Build configuration list for PBXProject "Headlines" */;
			compatibilityVersion = "Xcode 9.3";
			developmentRegion = en;
			hasScannedForEncodings = 0;
			knownRegions = (
				en,
				Base,
			);
			mainGroup = 05EED92E24CC0EDA0070FB7C;
			productRefGroup = 05EED93824CC0EDA0070FB7C /* Products */;
			projectDirPath = "";
			projectRoot = "";
			targets = (
				05EED93624CC0EDA0070FB7C /* Headlines */,
				05EED94C24CC0EDE0070FB7C /* HeadlinesTests */,
			);
		};
/* End PBXProject section */

/* Begin PBXResourcesBuildPhase section */
		05EED93524CC0EDA0070FB7C /* Resources */ = {
			isa = PBXResourcesBuildPhase;
			buildActionMask = 2147483647;
			files = (
				05EED99024CC18520070FB7C /* NewsHeadlineCell.xib in Resources */,
				05EED94724CC0EDE0070FB7C /* LaunchScreen.storyboard in Resources */,
				05EED94424CC0EDE0070FB7C /* Assets.xcassets in Resources */,
				05EED99424CC18C90070FB7C /* SourcesTableViewCell.xib in Resources */,
				05EED94224CC0EDA0070FB7C /* Main.storyboard in Resources */,
			);
			runOnlyForDeploymentPostprocessing = 0;
		};
		05EED94B24CC0EDE0070FB7C /* Resources */ = {
			isa = PBXResourcesBuildPhase;
			buildActionMask = 2147483647;
			files = (
			);
			runOnlyForDeploymentPostprocessing = 0;
		};
/* End PBXResourcesBuildPhase section */

/* Begin PBXShellScriptBuildPhase section */
		6DA06473D9DC81F60001BC10 /* [CP] Embed Pods Frameworks */ = {
			isa = PBXShellScriptBuildPhase;
			buildActionMask = 2147483647;
			files = (
			);
			inputFileListPaths = (
				"${PODS_ROOT}/Target Support Files/Pods-Headlines/Pods-Headlines-frameworks-${CONFIGURATION}-input-files.xcfilelist",
			);
			name = "[CP] Embed Pods Frameworks";
			outputFileListPaths = (
				"${PODS_ROOT}/Target Support Files/Pods-Headlines/Pods-Headlines-frameworks-${CONFIGURATION}-output-files.xcfilelist",
			);
			runOnlyForDeploymentPostprocessing = 0;
			shellPath = /bin/sh;
			shellScript = "\"${PODS_ROOT}/Target Support Files/Pods-Headlines/Pods-Headlines-frameworks.sh\"\n";
			showEnvVarsInLog = 0;
		};
		8A8A91447CD550C9166575EF /* [CP] Check Pods Manifest.lock */ = {
			isa = PBXShellScriptBuildPhase;
			buildActionMask = 2147483647;
			files = (
			);
			inputFileListPaths = (
			);
			inputPaths = (
				"${PODS_PODFILE_DIR_PATH}/Podfile.lock",
				"${PODS_ROOT}/Manifest.lock",
			);
			name = "[CP] Check Pods Manifest.lock";
			outputFileListPaths = (
			);
			outputPaths = (
				"$(DERIVED_FILE_DIR)/Pods-Headlines-checkManifestLockResult.txt",
			);
			runOnlyForDeploymentPostprocessing = 0;
			shellPath = /bin/sh;
			shellScript = "diff \"${PODS_PODFILE_DIR_PATH}/Podfile.lock\" \"${PODS_ROOT}/Manifest.lock\" > /dev/null\nif [ $? != 0 ] ; then\n    # print error to STDERR\n    echo \"error: The sandbox is not in sync with the Podfile.lock. Run 'pod install' or update your CocoaPods installation.\" >&2\n    exit 1\nfi\n# This output is used by Xcode 'outputs' to avoid re-running this script phase.\necho \"SUCCESS\" > \"${SCRIPT_OUTPUT_FILE_0}\"\n";
			showEnvVarsInLog = 0;
		};
		9C215352179E96B1A3EA0C62 /* [CP] Check Pods Manifest.lock */ = {
			isa = PBXShellScriptBuildPhase;
			buildActionMask = 2147483647;
			files = (
			);
			inputFileListPaths = (
			);
			inputPaths = (
				"${PODS_PODFILE_DIR_PATH}/Podfile.lock",
				"${PODS_ROOT}/Manifest.lock",
			);
			name = "[CP] Check Pods Manifest.lock";
			outputFileListPaths = (
			);
			outputPaths = (
				"$(DERIVED_FILE_DIR)/Pods-HeadlinesTests-checkManifestLockResult.txt",
			);
			runOnlyForDeploymentPostprocessing = 0;
			shellPath = /bin/sh;
			shellScript = "diff \"${PODS_PODFILE_DIR_PATH}/Podfile.lock\" \"${PODS_ROOT}/Manifest.lock\" > /dev/null\nif [ $? != 0 ] ; then\n    # print error to STDERR\n    echo \"error: The sandbox is not in sync with the Podfile.lock. Run 'pod install' or update your CocoaPods installation.\" >&2\n    exit 1\nfi\n# This output is used by Xcode 'outputs' to avoid re-running this script phase.\necho \"SUCCESS\" > \"${SCRIPT_OUTPUT_FILE_0}\"\n";
			showEnvVarsInLog = 0;
		};
/* End PBXShellScriptBuildPhase section */

/* Begin PBXSourcesBuildPhase section */
		05EED93324CC0EDA0070FB7C /* Sources */ = {
			isa = PBXSourcesBuildPhase;
			buildActionMask = 2147483647;
			files = (
				05EED99324CC18C90070FB7C /* SourcesTableViewCell.swift in Sources */,
				05F1657924CC70EF0046DC1E /* SelectedSource.swift in Sources */,
				05EED97E24CC14C20070FB7C /* HeadlinesDataSource.swift in Sources */,
				05EED98024CC15D80070FB7C /* SourcesDataSource.swift in Sources */,
				05EED98F24CC18520070FB7C /* NewsHeadlineCell.swift in Sources */,
				05EED98624CC16360070FB7C /* SavedViewModel.swift in Sources */,
				05EED98A24CC17850070FB7C /* HeadlineDetailViewController.swift in Sources */,
				05F1657524CC255B0046DC1E /* SavedDataSource.swift in Sources */,
				05F1658124CD402D0046DC1E /* UIViewController+Indicator.swift in Sources */,
				05EED96C24CC12DD0070FB7C /* Cachable.swift in Sources */,
				05EED96624CC10D60070FB7C /* HeadlinesViewController.swift in Sources */,
				05EED96A24CC12BD0070FB7C /* DynamicValue.swift in Sources */,
				05EED97124CC13400070FB7C /* EndPoint.swift in Sources */,
				05EED97624CC13A50070FB7C /* NetworkManager.swift in Sources */,
				05EED96824CC10FD0070FB7C /* SourcesViewController.swift in Sources */,
				05EED93F24CC0EDA0070FB7C /* SavedViewController.swift in Sources */,
				05EED97A24CC14710070FB7C /* Headlines.swift in Sources */,
				05EED98824CC165D0070FB7C /* RealmViewModel.swift in Sources */,
				05EED98224CC16000070FB7C /* HeadlineViewModel.swift in Sources */,
				05EED97C24CC14990070FB7C /* NewsSource.swift in Sources */,
				05EED93B24CC0EDA0070FB7C /* AppDelegate.swift in Sources */,
				05EED98424CC16120070FB7C /* SourceViewModel.swift in Sources */,
				05EED97424CC13690070FB7C /* EndPointType.swift in Sources */,
				05EED97824CC13B70070FB7C /* ResponseData.swift in Sources */,
				05EED93D24CC0EDA0070FB7C /* SceneDelegate.swift in Sources */,
				05F1657724CC37100046DC1E /* Saved.swift in Sources */,
			);
			runOnlyForDeploymentPostprocessing = 0;
		};
		05EED94924CC0EDE0070FB7C /* Sources */ = {
			isa = PBXSourcesBuildPhase;
			buildActionMask = 2147483647;
			files = (
				05F1657D24CC765F0046DC1E /* SourcesDataSourceTests.swift in Sources */,
				05F1657B24CC76460046DC1E /* HeadlinesDataSourceTests.swift in Sources */,
				05F1657F24CC766C0046DC1E /* SavedDataSourceTests.swift in Sources */,
			);
			runOnlyForDeploymentPostprocessing = 0;
		};
/* End PBXSourcesBuildPhase section */

/* Begin PBXTargetDependency section */
		05EED94F24CC0EDE0070FB7C /* PBXTargetDependency */ = {
			isa = PBXTargetDependency;
			target = 05EED93624CC0EDA0070FB7C /* Headlines */;
			targetProxy = 05EED94E24CC0EDE0070FB7C /* PBXContainerItemProxy */;
		};
/* End PBXTargetDependency section */

/* Begin PBXVariantGroup section */
		05EED94024CC0EDA0070FB7C /* Main.storyboard */ = {
			isa = PBXVariantGroup;
			children = (
				05EED94124CC0EDA0070FB7C /* Base */,
			);
			name = Main.storyboard;
			sourceTree = "<group>";
		};
		05EED94524CC0EDE0070FB7C /* LaunchScreen.storyboard */ = {
			isa = PBXVariantGroup;
			children = (
				05EED94624CC0EDE0070FB7C /* Base */,
			);
			name = LaunchScreen.storyboard;
			sourceTree = "<group>";
		};
/* End PBXVariantGroup section */

/* Begin XCBuildConfiguration section */
		05EED95424CC0EDE0070FB7C /* Debug */ = {
			isa = XCBuildConfiguration;
			buildSettings = {
				ALWAYS_SEARCH_USER_PATHS = NO;
				CLANG_ANALYZER_NONNULL = YES;
				CLANG_ANALYZER_NUMBER_OBJECT_CONVERSION = YES_AGGRESSIVE;
				CLANG_CXX_LANGUAGE_STANDARD = "gnu++14";
				CLANG_CXX_LIBRARY = "libc++";
				CLANG_ENABLE_MODULES = YES;
				CLANG_ENABLE_OBJC_ARC = YES;
				CLANG_ENABLE_OBJC_WEAK = YES;
				CLANG_WARN_BLOCK_CAPTURE_AUTORELEASING = YES;
				CLANG_WARN_BOOL_CONVERSION = YES;
				CLANG_WARN_COMMA = YES;
				CLANG_WARN_CONSTANT_CONVERSION = YES;
				CLANG_WARN_DEPRECATED_OBJC_IMPLEMENTATIONS = YES;
				CLANG_WARN_DIRECT_OBJC_ISA_USAGE = YES_ERROR;
				CLANG_WARN_DOCUMENTATION_COMMENTS = YES;
				CLANG_WARN_EMPTY_BODY = YES;
				CLANG_WARN_ENUM_CONVERSION = YES;
				CLANG_WARN_INFINITE_RECURSION = YES;
				CLANG_WARN_INT_CONVERSION = YES;
				CLANG_WARN_NON_LITERAL_NULL_CONVERSION = YES;
				CLANG_WARN_OBJC_IMPLICIT_RETAIN_SELF = YES;
				CLANG_WARN_OBJC_LITERAL_CONVERSION = YES;
				CLANG_WARN_OBJC_ROOT_CLASS = YES_ERROR;
				CLANG_WARN_RANGE_LOOP_ANALYSIS = YES;
				CLANG_WARN_STRICT_PROTOTYPES = YES;
				CLANG_WARN_SUSPICIOUS_MOVE = YES;
				CLANG_WARN_UNGUARDED_AVAILABILITY = YES_AGGRESSIVE;
				CLANG_WARN_UNREACHABLE_CODE = YES;
				CLANG_WARN__DUPLICATE_METHOD_MATCH = YES;
				COPY_PHASE_STRIP = NO;
				DEBUG_INFORMATION_FORMAT = dwarf;
				ENABLE_STRICT_OBJC_MSGSEND = YES;
				ENABLE_TESTABILITY = YES;
				GCC_C_LANGUAGE_STANDARD = gnu11;
				GCC_DYNAMIC_NO_PIC = NO;
				GCC_NO_COMMON_BLOCKS = YES;
				GCC_OPTIMIZATION_LEVEL = 0;
				GCC_PREPROCESSOR_DEFINITIONS = (
					"DEBUG=1",
					"$(inherited)",
				);
				GCC_WARN_64_TO_32_BIT_CONVERSION = YES;
				GCC_WARN_ABOUT_RETURN_TYPE = YES_ERROR;
				GCC_WARN_UNDECLARED_SELECTOR = YES;
				GCC_WARN_UNINITIALIZED_AUTOS = YES_AGGRESSIVE;
				GCC_WARN_UNUSED_FUNCTION = YES;
				GCC_WARN_UNUSED_VARIABLE = YES;
				IPHONEOS_DEPLOYMENT_TARGET = 13.6;
				MTL_ENABLE_DEBUG_INFO = INCLUDE_SOURCE;
				MTL_FAST_MATH = YES;
				ONLY_ACTIVE_ARCH = YES;
				SDKROOT = iphoneos;
				SWIFT_ACTIVE_COMPILATION_CONDITIONS = DEBUG;
				SWIFT_OPTIMIZATION_LEVEL = "-Onone";
			};
			name = Debug;
		};
		05EED95524CC0EDE0070FB7C /* Release */ = {
			isa = XCBuildConfiguration;
			buildSettings = {
				ALWAYS_SEARCH_USER_PATHS = NO;
				CLANG_ANALYZER_NONNULL = YES;
				CLANG_ANALYZER_NUMBER_OBJECT_CONVERSION = YES_AGGRESSIVE;
				CLANG_CXX_LANGUAGE_STANDARD = "gnu++14";
				CLANG_CXX_LIBRARY = "libc++";
				CLANG_ENABLE_MODULES = YES;
				CLANG_ENABLE_OBJC_ARC = YES;
				CLANG_ENABLE_OBJC_WEAK = YES;
				CLANG_WARN_BLOCK_CAPTURE_AUTORELEASING = YES;
				CLANG_WARN_BOOL_CONVERSION = YES;
				CLANG_WARN_COMMA = YES;
				CLANG_WARN_CONSTANT_CONVERSION = YES;
				CLANG_WARN_DEPRECATED_OBJC_IMPLEMENTATIONS = YES;
				CLANG_WARN_DIRECT_OBJC_ISA_USAGE = YES_ERROR;
				CLANG_WARN_DOCUMENTATION_COMMENTS = YES;
				CLANG_WARN_EMPTY_BODY = YES;
				CLANG_WARN_ENUM_CONVERSION = YES;
				CLANG_WARN_INFINITE_RECURSION = YES;
				CLANG_WARN_INT_CONVERSION = YES;
				CLANG_WARN_NON_LITERAL_NULL_CONVERSION = YES;
				CLANG_WARN_OBJC_IMPLICIT_RETAIN_SELF = YES;
				CLANG_WARN_OBJC_LITERAL_CONVERSION = YES;
				CLANG_WARN_OBJC_ROOT_CLASS = YES_ERROR;
				CLANG_WARN_RANGE_LOOP_ANALYSIS = YES;
				CLANG_WARN_STRICT_PROTOTYPES = YES;
				CLANG_WARN_SUSPICIOUS_MOVE = YES;
				CLANG_WARN_UNGUARDED_AVAILABILITY = YES_AGGRESSIVE;
				CLANG_WARN_UNREACHABLE_CODE = YES;
				CLANG_WARN__DUPLICATE_METHOD_MATCH = YES;
				COPY_PHASE_STRIP = NO;
				DEBUG_INFORMATION_FORMAT = "dwarf-with-dsym";
				ENABLE_NS_ASSERTIONS = NO;
				ENABLE_STRICT_OBJC_MSGSEND = YES;
				GCC_C_LANGUAGE_STANDARD = gnu11;
				GCC_NO_COMMON_BLOCKS = YES;
				GCC_WARN_64_TO_32_BIT_CONVERSION = YES;
				GCC_WARN_ABOUT_RETURN_TYPE = YES_ERROR;
				GCC_WARN_UNDECLARED_SELECTOR = YES;
				GCC_WARN_UNINITIALIZED_AUTOS = YES_AGGRESSIVE;
				GCC_WARN_UNUSED_FUNCTION = YES;
				GCC_WARN_UNUSED_VARIABLE = YES;
				IPHONEOS_DEPLOYMENT_TARGET = 13.6;
				MTL_ENABLE_DEBUG_INFO = NO;
				MTL_FAST_MATH = YES;
				SDKROOT = iphoneos;
				SWIFT_COMPILATION_MODE = wholemodule;
				SWIFT_OPTIMIZATION_LEVEL = "-O";
				VALIDATE_PRODUCT = YES;
			};
			name = Release;
		};
		05EED95724CC0EDE0070FB7C /* Debug */ = {
			isa = XCBuildConfiguration;
			baseConfigurationReference = 28B0E38FFEC47B8B0C875174 /* Pods-Headlines.debug.xcconfig */;
			buildSettings = {
				ASSETCATALOG_COMPILER_APPICON_NAME = AppIcon;
				CODE_SIGN_STYLE = Automatic;
				INFOPLIST_FILE = Headlines/Info.plist;
				LD_RUNPATH_SEARCH_PATHS = (
					"$(inherited)",
					"@executable_path/Frameworks",
				);
				PRODUCT_BUNDLE_IDENTIFIER = au.com.pratikbhaliya.Headlines;
				PRODUCT_NAME = "$(TARGET_NAME)";
				SWIFT_VERSION = 5.0;
				TARGETED_DEVICE_FAMILY = "1,2";
			};
			name = Debug;
		};
		05EED95824CC0EDE0070FB7C /* Release */ = {
			isa = XCBuildConfiguration;
			baseConfigurationReference = 807A73AEA54E5417F6DA9485 /* Pods-Headlines.release.xcconfig */;
			buildSettings = {
				ASSETCATALOG_COMPILER_APPICON_NAME = AppIcon;
				CODE_SIGN_STYLE = Automatic;
				INFOPLIST_FILE = Headlines/Info.plist;
				LD_RUNPATH_SEARCH_PATHS = (
					"$(inherited)",
					"@executable_path/Frameworks",
				);
				PRODUCT_BUNDLE_IDENTIFIER = au.com.pratikbhaliya.Headlines;
				PRODUCT_NAME = "$(TARGET_NAME)";
				SWIFT_VERSION = 5.0;
				TARGETED_DEVICE_FAMILY = "1,2";
			};
			name = Release;
		};
		05EED95A24CC0EDE0070FB7C /* Debug */ = {
			isa = XCBuildConfiguration;
			baseConfigurationReference = E0A1E649C4AA688C7C357883 /* Pods-HeadlinesTests.debug.xcconfig */;
			buildSettings = {
				ALWAYS_EMBED_SWIFT_STANDARD_LIBRARIES = YES;
				BUNDLE_LOADER = "$(TEST_HOST)";
				CODE_SIGN_STYLE = Automatic;
				INFOPLIST_FILE = HeadlinesTests/Info.plist;
				IPHONEOS_DEPLOYMENT_TARGET = 13.6;
				LD_RUNPATH_SEARCH_PATHS = (
					"$(inherited)",
					"@executable_path/Frameworks",
					"@loader_path/Frameworks",
				);
				PRODUCT_BUNDLE_IDENTIFIER = au.com.pratikbhaliya.HeadlinesTests;
				PRODUCT_NAME = "$(TARGET_NAME)";
				SWIFT_VERSION = 5.0;
				TARGETED_DEVICE_FAMILY = "1,2";
				TEST_HOST = "$(BUILT_PRODUCTS_DIR)/Headlines.app/Headlines";
			};
			name = Debug;
		};
		05EED95B24CC0EDE0070FB7C /* Release */ = {
			isa = XCBuildConfiguration;
			baseConfigurationReference = 887269061C0F6117C62387C4 /* Pods-HeadlinesTests.release.xcconfig */;
			buildSettings = {
				ALWAYS_EMBED_SWIFT_STANDARD_LIBRARIES = YES;
				BUNDLE_LOADER = "$(TEST_HOST)";
				CODE_SIGN_STYLE = Automatic;
				INFOPLIST_FILE = HeadlinesTests/Info.plist;
				IPHONEOS_DEPLOYMENT_TARGET = 13.6;
				LD_RUNPATH_SEARCH_PATHS = (
					"$(inherited)",
					"@executable_path/Frameworks",
					"@loader_path/Frameworks",
				);
				PRODUCT_BUNDLE_IDENTIFIER = au.com.pratikbhaliya.HeadlinesTests;
				PRODUCT_NAME = "$(TARGET_NAME)";
				SWIFT_VERSION = 5.0;
				TARGETED_DEVICE_FAMILY = "1,2";
				TEST_HOST = "$(BUILT_PRODUCTS_DIR)/Headlines.app/Headlines";
			};
			name = Release;
		};
/* End XCBuildConfiguration section */

/* Begin XCConfigurationList section */
		05EED93224CC0EDA0070FB7C /* Build configuration list for PBXProject "Headlines" */ = {
			isa = XCConfigurationList;
			buildConfigurations = (
				05EED95424CC0EDE0070FB7C /* Debug */,
				05EED95524CC0EDE0070FB7C /* Release */,
			);
			defaultConfigurationIsVisible = 0;
			defaultConfigurationName = Release;
		};
		05EED95624CC0EDE0070FB7C /* Build configuration list for PBXNativeTarget "Headlines" */ = {
			isa = XCConfigurationList;
			buildConfigurations = (
				05EED95724CC0EDE0070FB7C /* Debug */,
				05EED95824CC0EDE0070FB7C /* Release */,
			);
			defaultConfigurationIsVisible = 0;
			defaultConfigurationName = Release;
		};
		05EED95924CC0EDE0070FB7C /* Build configuration list for PBXNativeTarget "HeadlinesTests" */ = {
			isa = XCConfigurationList;
			buildConfigurations = (
				05EED95A24CC0EDE0070FB7C /* Debug */,
				05EED95B24CC0EDE0070FB7C /* Release */,
			);
			defaultConfigurationIsVisible = 0;
			defaultConfigurationName = Release;
		};
/* End XCConfigurationList section */
	};
	rootObject = 05EED92F24CC0EDA0070FB7C /* Project object */;
}
